
Microsoft Visual Studio Solution File, Format Version 12.00
# Visual Studio Version 17
VisualStudioVersion = 17.10.35013.160
MinimumVisualStudioVersion = 10.0.40219.1
Project("{9A19103F-16F7-4668-BE54-9A1E7A4F7556}") = "Onefocus.Web", "Onefocus.Web\Onefocus.Web.csproj", "{41720601-0048-4DB5-AEAF-C7A39C77D378}"
EndProject
Project("{2150E333-8FDC-42A3-9474-1A3956D46DE8}") = "Onefocus.Membership", "Onefocus.Membership", "{381525D6-6B9E-4045-96DD-E26DA72277FB}"
EndProject
Project("{9A19103F-16F7-4668-BE54-9A1E7A4F7556}") = "Onefocus.Membership.Domain", "Onefocus.Membership\Onefocus.Membership.Domain\Onefocus.Membership.Domain.csproj", "{172FA2EB-6043-421B-8DD7-40BC53095D8B}"
EndProject
Project("{9A19103F-16F7-4668-BE54-9A1E7A4F7556}") = "Onefocus.Membership.Application", "Onefocus.Membership\Onefocus.Membership.Application\Onefocus.Membership.Application.csproj", "{AD4F5CB9-943B-4A43-A3ED-0BFDBCCAE3CA}"
EndProject
Project("{9A19103F-16F7-4668-BE54-9A1E7A4F7556}") = "Onefocus.Membership.Infrastructure", "Onefocus.Membership\Onefocus.Membership.Infrastructure\Onefocus.Membership.Infrastructure.csproj", "{30C5A4B0-F764-47D0-B337-BCCFB264EE18}"
EndProject
Project("{9A19103F-16F7-4668-BE54-9A1E7A4F7556}") = "Onefocus.Membership.Api", "Onefocus.Membership\Onefocus.Membership.Api\Onefocus.Membership.Api.csproj", "{B28C58BB-7373-4C80-B49C-9BDC545A2AB1}"
EndProject
Project("{9A19103F-16F7-4668-BE54-9A1E7A4F7556}") = "Onefocus.Common", "Onefocus.Common\Onefocus.Common.csproj", "{32F199F3-49FD-4047-B4C2-5F966FFF4491}"
EndProject
Project("{9A19103F-16F7-4668-BE54-9A1E7A4F7556}") = "Onefocus.Gateway", "Onefocus.Gateway\Onefocus.Gateway.csproj", "{A346847B-BC68-477E-9928-16F9828A1248}"
EndProject
Project("{E53339B2-1760-4266-BCC7-CA923CBCF16C}") = "docker-compose", "docker-compose.dcproj", "{CD8691CE-86D9-4255-8F90-AB4703064012}"
EndProject
Project("{2150E333-8FDC-42A3-9474-1A3956D46DE8}") = "Onefocus.Identity", "Onefocus.Identity", "{C8D91BC5-514C-4E89-B02E-830F15E4DF3B}"
EndProject
Project("{9A19103F-16F7-4668-BE54-9A1E7A4F7556}") = "Onefocus.Identity.Api", "Onefocus.Identity\Onefocus.Identity.Api\Onefocus.Identity.Api.csproj", "{5322C8A2-01AC-4E48-9A39-DE97A2019BFB}"
EndProject
Project("{9A19103F-16F7-4668-BE54-9A1E7A4F7556}") = "Onefocus.Identity.Domain", "Onefocus.Identity\Onefocus.Identity.Domain\Onefocus.Identity.Domain.csproj", "{484EC11C-631B-4BBD-AB2E-7981D5A54FA0}"
EndProject
Project("{9A19103F-16F7-4668-BE54-9A1E7A4F7556}") = "Onefocus.Identity.Infrastructure", "Onefocus.Identity\Onefocus.Identity.Infrastructure\Onefocus.Identity.Infrastructure.csproj", "{299DFD88-429D-417A-A8F3-444404161738}"
EndProject
Project("{9A19103F-16F7-4668-BE54-9A1E7A4F7556}") = "Onefocus.Identity.Application", "Onefocus.Identity\Onefocus.Identity.Application\Onefocus.Identity.Application.csproj", "{8A7FF5DA-27E7-434A-A707-594081F54426}"
EndProject
Project("{2150E333-8FDC-42A3-9474-1A3956D46DE8}") = "Onefocus.Wallet", "Onefocus.Wallet", "{732079BF-B1D2-4C60-9A0E-6B36B07EFD70}"
EndProject
Project("{FAE04EC0-301F-11D3-BF4B-00C04F79EFBC}") = "Onefocus.Wallet.Api", "Onefocus.Wallet\Onefocus.Wallet.Api\Onefocus.Wallet.Api.csproj", "{9A8A92D7-D7E7-4EA6-B75C-3F6F0FA3A32A}"
EndProject
Project("{FAE04EC0-301F-11D3-BF4B-00C04F79EFBC}") = "Onefocus.Wallet.Domain", "Onefocus.Wallet\Onefocus.Wallet.Domain\Onefocus.Wallet.Domain.csproj", "{C6442E3C-38E6-4DF6-B218-0D15419FABE9}"
EndProject
Project("{FAE04EC0-301F-11D3-BF4B-00C04F79EFBC}") = "Onefocus.Wallet.Infrastructure", "Onefocus.Wallet\Onefocus.Wallet.Infrastructure\Onefocus.Wallet.Infrastructure.csproj", "{29D83A73-E26D-4094-88EC-771FA892AC1C}"
EndProject
Project("{FAE04EC0-301F-11D3-BF4B-00C04F79EFBC}") = "Onefocus.Wallet.Application", "Onefocus.Wallet\Onefocus.Wallet.Application\Onefocus.Wallet.Application.csproj", "{DD99B578-14CF-48D7-894A-87897AB7C8C7}"
EndProject
Project("{2150E333-8FDC-42A3-9474-1A3956D46DE8}") = "Onefocus.Home", "Onefocus.Home", "{02EA681E-C7D8-13C7-8484-4AC65E1B71E8}"
EndProject
Project("{FAE04EC0-301F-11D3-BF4B-00C04F79EFBC}") = "Onefocus.Home.Api", "Onefocus.Home\Onefocus.Home.Api\Onefocus.Home.Api.csproj", "{E1D7D41F-2C16-4B7E-8C07-28A88DA68EB2}"
EndProject
Project("{FAE04EC0-301F-11D3-BF4B-00C04F79EFBC}") = "Onefocus.Home.Infrastructure", "Onefocus.Home\Onefocus.Home.Infrastructure\Onefocus.Home.Infrastructure.csproj", "{02D151D8-A139-4C6F-9F70-99099A472CF7}"
EndProject
Project("{FAE04EC0-301F-11D3-BF4B-00C04F79EFBC}") = "Onefocus.Home.Application", "Onefocus.Home\Onefocus.Home.Application\Onefocus.Home.Application.csproj", "{5DDF412C-C886-4DB0-B0EE-17CF0D4DF132}"
EndProject
Global
	GlobalSection(SolutionConfigurationPlatforms) = preSolution
		Debug|Any CPU = Debug|Any CPU
		Release|Any CPU = Release|Any CPU
	EndGlobalSection
	GlobalSection(ProjectConfigurationPlatforms) = postSolution
		{41720601-0048-4DB5-AEAF-C7A39C77D378}.Debug|Any CPU.ActiveCfg = Debug|Any CPU
		{41720601-0048-4DB5-AEAF-C7A39C77D378}.Debug|Any CPU.Build.0 = Debug|Any CPU
		{41720601-0048-4DB5-AEAF-C7A39C77D378}.Release|Any CPU.ActiveCfg = Release|Any CPU
		{41720601-0048-4DB5-AEAF-C7A39C77D378}.Release|Any CPU.Build.0 = Release|Any CPU
		{172FA2EB-6043-421B-8DD7-40BC53095D8B}.Debug|Any CPU.ActiveCfg = Debug|Any CPU
		{172FA2EB-6043-421B-8DD7-40BC53095D8B}.Debug|Any CPU.Build.0 = Debug|Any CPU
		{172FA2EB-6043-421B-8DD7-40BC53095D8B}.Release|Any CPU.ActiveCfg = Release|Any CPU
		{172FA2EB-6043-421B-8DD7-40BC53095D8B}.Release|Any CPU.Build.0 = Release|Any CPU
		{AD4F5CB9-943B-4A43-A3ED-0BFDBCCAE3CA}.Debug|Any CPU.ActiveCfg = Debug|Any CPU
		{AD4F5CB9-943B-4A43-A3ED-0BFDBCCAE3CA}.Debug|Any CPU.Build.0 = Debug|Any CPU
		{AD4F5CB9-943B-4A43-A3ED-0BFDBCCAE3CA}.Release|Any CPU.ActiveCfg = Release|Any CPU
		{AD4F5CB9-943B-4A43-A3ED-0BFDBCCAE3CA}.Release|Any CPU.Build.0 = Release|Any CPU
		{30C5A4B0-F764-47D0-B337-BCCFB264EE18}.Debug|Any CPU.ActiveCfg = Debug|Any CPU
		{30C5A4B0-F764-47D0-B337-BCCFB264EE18}.Debug|Any CPU.Build.0 = Debug|Any CPU
		{30C5A4B0-F764-47D0-B337-BCCFB264EE18}.Release|Any CPU.ActiveCfg = Release|Any CPU
		{30C5A4B0-F764-47D0-B337-BCCFB264EE18}.Release|Any CPU.Build.0 = Release|Any CPU
		{B28C58BB-7373-4C80-B49C-9BDC545A2AB1}.Debug|Any CPU.ActiveCfg = Debug|Any CPU
		{B28C58BB-7373-4C80-B49C-9BDC545A2AB1}.Debug|Any CPU.Build.0 = Debug|Any CPU
		{B28C58BB-7373-4C80-B49C-9BDC545A2AB1}.Release|Any CPU.ActiveCfg = Release|Any CPU
		{B28C58BB-7373-4C80-B49C-9BDC545A2AB1}.Release|Any CPU.Build.0 = Release|Any CPU
		{32F199F3-49FD-4047-B4C2-5F966FFF4491}.Debug|Any CPU.ActiveCfg = Debug|Any CPU
		{32F199F3-49FD-4047-B4C2-5F966FFF4491}.Debug|Any CPU.Build.0 = Debug|Any CPU
		{32F199F3-49FD-4047-B4C2-5F966FFF4491}.Release|Any CPU.ActiveCfg = Release|Any CPU
		{32F199F3-49FD-4047-B4C2-5F966FFF4491}.Release|Any CPU.Build.0 = Release|Any CPU
		{A346847B-BC68-477E-9928-16F9828A1248}.Debug|Any CPU.ActiveCfg = Debug|Any CPU
		{A346847B-BC68-477E-9928-16F9828A1248}.Debug|Any CPU.Build.0 = Debug|Any CPU
		{A346847B-BC68-477E-9928-16F9828A1248}.Release|Any CPU.ActiveCfg = Release|Any CPU
		{A346847B-BC68-477E-9928-16F9828A1248}.Release|Any CPU.Build.0 = Release|Any CPU
		{CD8691CE-86D9-4255-8F90-AB4703064012}.Debug|Any CPU.ActiveCfg = Debug|Any CPU
		{CD8691CE-86D9-4255-8F90-AB4703064012}.Debug|Any CPU.Build.0 = Debug|Any CPU
		{CD8691CE-86D9-4255-8F90-AB4703064012}.Release|Any CPU.ActiveCfg = Release|Any CPU
		{CD8691CE-86D9-4255-8F90-AB4703064012}.Release|Any CPU.Build.0 = Release|Any CPU
		{5322C8A2-01AC-4E48-9A39-DE97A2019BFB}.Debug|Any CPU.ActiveCfg = Debug|Any CPU
		{5322C8A2-01AC-4E48-9A39-DE97A2019BFB}.Debug|Any CPU.Build.0 = Debug|Any CPU
		{5322C8A2-01AC-4E48-9A39-DE97A2019BFB}.Release|Any CPU.ActiveCfg = Release|Any CPU
		{5322C8A2-01AC-4E48-9A39-DE97A2019BFB}.Release|Any CPU.Build.0 = Release|Any CPU
		{484EC11C-631B-4BBD-AB2E-7981D5A54FA0}.Debug|Any CPU.ActiveCfg = Debug|Any CPU
		{484EC11C-631B-4BBD-AB2E-7981D5A54FA0}.Debug|Any CPU.Build.0 = Debug|Any CPU
		{484EC11C-631B-4BBD-AB2E-7981D5A54FA0}.Release|Any CPU.ActiveCfg = Release|Any CPU
		{484EC11C-631B-4BBD-AB2E-7981D5A54FA0}.Release|Any CPU.Build.0 = Release|Any CPU
		{299DFD88-429D-417A-A8F3-444404161738}.Debug|Any CPU.ActiveCfg = Debug|Any CPU
		{299DFD88-429D-417A-A8F3-444404161738}.Debug|Any CPU.Build.0 = Debug|Any CPU
		{299DFD88-429D-417A-A8F3-444404161738}.Release|Any CPU.ActiveCfg = Release|Any CPU
		{299DFD88-429D-417A-A8F3-444404161738}.Release|Any CPU.Build.0 = Release|Any CPU
		{8A7FF5DA-27E7-434A-A707-594081F54426}.Debug|Any CPU.ActiveCfg = Debug|Any CPU
		{8A7FF5DA-27E7-434A-A707-594081F54426}.Debug|Any CPU.Build.0 = Debug|Any CPU
		{8A7FF5DA-27E7-434A-A707-594081F54426}.Release|Any CPU.ActiveCfg = Release|Any CPU
		{8A7FF5DA-27E7-434A-A707-594081F54426}.Release|Any CPU.Build.0 = Release|Any CPU
		{9A8A92D7-D7E7-4EA6-B75C-3F6F0FA3A32A}.Debug|Any CPU.ActiveCfg = Debug|Any CPU
		{9A8A92D7-D7E7-4EA6-B75C-3F6F0FA3A32A}.Debug|Any CPU.Build.0 = Debug|Any CPU
		{9A8A92D7-D7E7-4EA6-B75C-3F6F0FA3A32A}.Release|Any CPU.ActiveCfg = Release|Any CPU
		{9A8A92D7-D7E7-4EA6-B75C-3F6F0FA3A32A}.Release|Any CPU.Build.0 = Release|Any CPU
		{C6442E3C-38E6-4DF6-B218-0D15419FABE9}.Debug|Any CPU.ActiveCfg = Debug|Any CPU
		{C6442E3C-38E6-4DF6-B218-0D15419FABE9}.Debug|Any CPU.Build.0 = Debug|Any CPU
		{C6442E3C-38E6-4DF6-B218-0D15419FABE9}.Release|Any CPU.ActiveCfg = Release|Any CPU
		{C6442E3C-38E6-4DF6-B218-0D15419FABE9}.Release|Any CPU.Build.0 = Release|Any CPU
		{29D83A73-E26D-4094-88EC-771FA892AC1C}.Debug|Any CPU.ActiveCfg = Debug|Any CPU
		{29D83A73-E26D-4094-88EC-771FA892AC1C}.Debug|Any CPU.Build.0 = Debug|Any CPU
		{29D83A73-E26D-4094-88EC-771FA892AC1C}.Release|Any CPU.ActiveCfg = Release|Any CPU
		{29D83A73-E26D-4094-88EC-771FA892AC1C}.Release|Any CPU.Build.0 = Release|Any CPU
		{DD99B578-14CF-48D7-894A-87897AB7C8C7}.Debug|Any CPU.ActiveCfg = Debug|Any CPU
		{DD99B578-14CF-48D7-894A-87897AB7C8C7}.Debug|Any CPU.Build.0 = Debug|Any CPU
		{DD99B578-14CF-48D7-894A-87897AB7C8C7}.Release|Any CPU.ActiveCfg = Release|Any CPU
		{DD99B578-14CF-48D7-894A-87897AB7C8C7}.Release|Any CPU.Build.0 = Release|Any CPU
		{E1D7D41F-2C16-4B7E-8C07-28A88DA68EB2}.Debug|Any CPU.ActiveCfg = Debug|Any CPU
		{E1D7D41F-2C16-4B7E-8C07-28A88DA68EB2}.Debug|Any CPU.Build.0 = Debug|Any CPU
		{E1D7D41F-2C16-4B7E-8C07-28A88DA68EB2}.Release|Any CPU.ActiveCfg = Release|Any CPU
		{E1D7D41F-2C16-4B7E-8C07-28A88DA68EB2}.Release|Any CPU.Build.0 = Release|Any CPU
		{02D151D8-A139-4C6F-9F70-99099A472CF7}.Debug|Any CPU.ActiveCfg = Debug|Any CPU
		{02D151D8-A139-4C6F-9F70-99099A472CF7}.Debug|Any CPU.Build.0 = Debug|Any CPU
		{02D151D8-A139-4C6F-9F70-99099A472CF7}.Release|Any CPU.ActiveCfg = Release|Any CPU
		{02D151D8-A139-4C6F-9F70-99099A472CF7}.Release|Any CPU.Build.0 = Release|Any CPU
		{5DDF412C-C886-4DB0-B0EE-17CF0D4DF132}.Debug|Any CPU.ActiveCfg = Debug|Any CPU
		{5DDF412C-C886-4DB0-B0EE-17CF0D4DF132}.Debug|Any CPU.Build.0 = Debug|Any CPU
		{5DDF412C-C886-4DB0-B0EE-17CF0D4DF132}.Release|Any CPU.ActiveCfg = Release|Any CPU
		{5DDF412C-C886-4DB0-B0EE-17CF0D4DF132}.Release|Any CPU.Build.0 = Release|Any CPU
	EndGlobalSection
	GlobalSection(SolutionProperties) = preSolution
		HideSolutionNode = FALSE
	EndGlobalSection
	GlobalSection(NestedProjects) = preSolution
		{172FA2EB-6043-421B-8DD7-40BC53095D8B} = {381525D6-6B9E-4045-96DD-E26DA72277FB}
		{AD4F5CB9-943B-4A43-A3ED-0BFDBCCAE3CA} = {381525D6-6B9E-4045-96DD-E26DA72277FB}
		{30C5A4B0-F764-47D0-B337-BCCFB264EE18} = {381525D6-6B9E-4045-96DD-E26DA72277FB}
		{B28C58BB-7373-4C80-B49C-9BDC545A2AB1} = {381525D6-6B9E-4045-96DD-E26DA72277FB}
		{5322C8A2-01AC-4E48-9A39-DE97A2019BFB} = {C8D91BC5-514C-4E89-B02E-830F15E4DF3B}
		{484EC11C-631B-4BBD-AB2E-7981D5A54FA0} = {C8D91BC5-514C-4E89-B02E-830F15E4DF3B}
		{299DFD88-429D-417A-A8F3-444404161738} = {C8D91BC5-514C-4E89-B02E-830F15E4DF3B}
		{8A7FF5DA-27E7-434A-A707-594081F54426} = {C8D91BC5-514C-4E89-B02E-830F15E4DF3B}
		{9A8A92D7-D7E7-4EA6-B75C-3F6F0FA3A32A} = {732079BF-B1D2-4C60-9A0E-6B36B07EFD70}
		{C6442E3C-38E6-4DF6-B218-0D15419FABE9} = {732079BF-B1D2-4C60-9A0E-6B36B07EFD70}
		{29D83A73-E26D-4094-88EC-771FA892AC1C} = {732079BF-B1D2-4C60-9A0E-6B36B07EFD70}
		{DD99B578-14CF-48D7-894A-87897AB7C8C7} = {732079BF-B1D2-4C60-9A0E-6B36B07EFD70}
		{E1D7D41F-2C16-4B7E-8C07-28A88DA68EB2} = {02EA681E-C7D8-13C7-8484-4AC65E1B71E8}
		{02D151D8-A139-4C6F-9F70-99099A472CF7} = {02EA681E-C7D8-13C7-8484-4AC65E1B71E8}
		{5DDF412C-C886-4DB0-B0EE-17CF0D4DF132} = {02EA681E-C7D8-13C7-8484-4AC65E1B71E8}
	EndGlobalSection
	GlobalSection(ExtensibilityGlobals) = postSolution
		SolutionGuid = {AD625179-24CF-4106-8A8D-416F2137CBF5}
	EndGlobalSection
EndGlobal
